{
  "object": {
    "pins": [
      {
        "package": "Alamofire",
        "repositoryURL": "https://github.com/Alamofire/Alamofire.git",
        "state": {
          "branch": null,
          "revision": "59037bfd28aa963a7916f1eb22a74107a3522f16",
          "version": "5.0.5"
        }
      },
      {
        "package": "CELLULAR",
        "repositoryURL": "https://github.com/cellular/cellular-swift",
        "state": {
          "branch": "master",
          "revision": "b31a66d5f67df81f5c88254d7d9cd84d22997c7f",
          "version": null
        }
      }
    ]
  },
  "version": 1
}
