{
  "object": {
    "pins": [
      {
        "package": "Alamofire",
        "repositoryURL": "https://github.com/Alamofire/Alamofire.git",
        "state": {
          "branch": null,
          "revision": "75bba56748359f297a83f620d45f72cf4ebee4e7",
          "version": "4.8.2"
        }
      },
      {
        "package": "CELLULAR",
        "repositoryURL": "https://github.com/cellular/cellular-swift",
        "state": {
          "branch": "feature/xcode_11.4",
          "revision": "78eebd953b4f4665cdae9b4e8a940d2fdc99d22c",
          "version": null
        }
      }
    ]
  },
  "version": 1
}
