PODS:
  - Alamofire (4.8.2)
  - CELLULAR/Locking (5.1)
  - SwiftLint (0.33.1)
  - Unbox (4.0.0)

DEPENDENCIES:
  - Alamofire (~> 4.8.2)
  - CELLULAR/Locking (~> 5.1)
  - SwiftLint
  - Unbox (~> 4.0.0)

SPEC REPOS:
  https://github.com/cocoapods/specs.git:
    - Alamofire
    - CELLULAR
    - SwiftLint
    - Unbox

SPEC CHECKSUMS:
  Alamofire: ae5c501addb7afdbb13687d7f2f722c78734c2d3
  CELLULAR: 5627305dc6b3df9d7d966f245b5db5cd6ec1ecb8
  SwiftLint: 9fc1143bbacec37f94994a7d0d2a85b2154b6294
  Unbox: d2677af8fde59a30141e02981b11cb6a0e3b6bc5

PODFILE CHECKSUM: 0fda7a68b56cb48397e35d4f0103ee526d83d05a

COCOAPODS: 1.7.4
